
Microsoft Visual Studio Solution File, Format Version 12.00
# Visual Studio Version 17
VisualStudioVersion = 17.14.36616.10 d17.14
MinimumVisualStudioVersion = 10.0.40219.1
Project("{FAE04EC0-301F-11D3-BF4B-00C04F79EFBC}") = "Sudoku", "Sudoku\Sudoku.csproj", "{F49B4312-94CE-47AA-A684-B033CBD8DB4F}"
EndProject
Global
	GlobalSection(SolutionConfigurationPlatforms) = preSolution
		Debug|Any CPU = Debug|Any CPU
		Release|Any CPU = Release|Any CPU
	EndGlobalSection
	GlobalSection(ProjectConfigurationPlatforms) = postSolution
		{F49B4312-94CE-47AA-A684-B033CBD8DB4F}.Debug|Any CPU.ActiveCfg = Debug|Any CPU
		{F49B4312-94CE-47AA-A684-B033CBD8DB4F}.Debug|Any CPU.Build.0 = Debug|Any CPU
		{F49B4312-94CE-47AA-A684-B033CBD8DB4F}.Release|Any CPU.ActiveCfg = Release|Any CPU
		{F49B4312-94CE-47AA-A684-B033CBD8DB4F}.Release|Any CPU.Build.0 = Release|Any CPU
	EndGlobalSection
	GlobalSection(SolutionProperties) = preSolution
		HideSolutionNode = FALSE
	EndGlobalSection
	GlobalSection(ExtensibilityGlobals) = postSolution
		SolutionGuid = {5B489B7E-7FEA-4F5E-8657-C7F83785936D}
	EndGlobalSection
EndGlobal
